// !$*UTF8*$!
{
	archiveVersion = 1;
	classes = {
	};
	objectVersion = 46;
	objects = {

/* Begin PBXBuildFile section */
		CF0347C115BBB7F6004F96D5 /* ClockViewController.m in Sources */ = {isa = PBXBuildFile; fileRef = CF0347C015BBB7F6004F96D5 /* ClockViewController.m */; };
		CF4ED318157CB3D200FF99A2 /* MobileCoreServices.framework in Frameworks */ = {isa = PBXBuildFile; fileRef = CF4ED317157CB3D200FF99A2 /* MobileCoreServices.framework */; };
		CF4ED31B157CB3E200FF99A2 /* CFNetwork.framework in Frameworks */ = {isa = PBXBuildFile; fileRef = CF4ED31A157CB3E200FF99A2 /* CFNetwork.framework */; };
		CF4ED31D157CB3EE00FF99A2 /* SystemConfiguration.framework in Frameworks */ = {isa = PBXBuildFile; fileRef = CF4ED31C157CB3EE00FF99A2 /* SystemConfiguration.framework */; };
		CF4ED31F157CB3FE00FF99A2 /* CoreMedia.framework in Frameworks */ = {isa = PBXBuildFile; fileRef = CF4ED31E157CB3FE00FF99A2 /* CoreMedia.framework */; };
		CF4ED321157CB40700FF99A2 /* Security.framework in Frameworks */ = {isa = PBXBuildFile; fileRef = CF4ED320157CB40700FF99A2 /* Security.framework */; };
		CF4ED323157CB41400FF99A2 /* AudioToolbox.framework in Frameworks */ = {isa = PBXBuildFile; fileRef = CF4ED322157CB41400FF99A2 /* AudioToolbox.framework */; };
		CF4ED325157CB41B00FF99A2 /* CoreAudio.framework in Frameworks */ = {isa = PBXBuildFile; fileRef = CF4ED324157CB41B00FF99A2 /* CoreAudio.framework */; };
		CF4ED327157CB42600FF99A2 /* OpenGLES.framework in Frameworks */ = {isa = PBXBuildFile; fileRef = CF4ED326157CB42600FF99A2 /* OpenGLES.framework */; };
		CF4ED329157CB43700FF99A2 /* libz.dylib in Frameworks */ = {isa = PBXBuildFile; fileRef = CF4ED328157CB43700FF99A2 /* libz.dylib */; };
		CF4ED32B157CB44000FF99A2 /* libstdc++.dylib in Frameworks */ = {isa = PBXBuildFile; fileRef = CF4ED32A157CB44000FF99A2 /* libstdc++.dylib */; };
		CF4ED32D157CB44E00FF99A2 /* QuartzCore.framework in Frameworks */ = {isa = PBXBuildFile; fileRef = CF4ED32C157CB44E00FF99A2 /* QuartzCore.framework */; };
		CF4ED32F157CB45700FF99A2 /* AVFoundation.framework in Frameworks */ = {isa = PBXBuildFile; fileRef = CF4ED32E157CB45700FF99A2 /* AVFoundation.framework */; };
		CF694F2316572930000B3363 /* Opentok.framework in Frameworks */ = {isa = PBXBuildFile; fileRef = CF694F2216572930000B3363 /* Opentok.framework */; };
		CF741BFA162352FF0014CD8D /* Default-568h@2x.png in Resources */ = {isa = PBXBuildFile; fileRef = CF741BF9162352FF0014CD8D /* Default-568h@2x.png */; };
		CF741BFC162358830014CD8D /* opentok.bundle in Resources */ = {isa = PBXBuildFile; fileRef = CF741BFB162358830014CD8D /* opentok.bundle */; };
		CF8C097015A849240070A55B /* VideoSession.m in Sources */ = {isa = PBXBuildFile; fileRef = CF8C096F15A849240070A55B /* VideoSession.m */; };
		CFDB1CF2157CDDF5005C87E4 /* CoreTelephony.framework in Frameworks */ = {isa = PBXBuildFile; fileRef = CFDB1CF1157CDDF5005C87E4 /* CoreTelephony.framework */; };
		CFDB1CF5157CE799005C87E4 /* CoreVideo.framework in Frameworks */ = {isa = PBXBuildFile; fileRef = CFDB1CF4157CE799005C87E4 /* CoreVideo.framework */; };
		CFF85D62157CADD60017A38B /* UIKit.framework in Frameworks */ = {isa = PBXBuildFile; fileRef = CFF85D61157CADD60017A38B /* UIKit.framework */; };
		CFF85D64157CADD60017A38B /* Foundation.framework in Frameworks */ = {isa = PBXBuildFile; fileRef = CFF85D63157CADD60017A38B /* Foundation.framework */; };
		CFF85D66157CADD60017A38B /* CoreGraphics.framework in Frameworks */ = {isa = PBXBuildFile; fileRef = CFF85D65157CADD60017A38B /* CoreGraphics.framework */; };
		CFF85D6C157CADD60017A38B /* InfoPlist.strings in Resources */ = {isa = PBXBuildFile; fileRef = CFF85D6A157CADD60017A38B /* InfoPlist.strings */; };
		CFF85D6E157CADD60017A38B /* main.m in Sources */ = {isa = PBXBuildFile; fileRef = CFF85D6D157CADD60017A38B /* main.m */; };
		CFF85D72157CADD60017A38B /* AppDelegate.m in Sources */ = {isa = PBXBuildFile; fileRef = CFF85D71157CADD60017A38B /* AppDelegate.m */; };
		CFF85D75157CADD60017A38B /* MainStoryboard_iPhone.storyboard in Resources */ = {isa = PBXBuildFile; fileRef = CFF85D73157CADD60017A38B /* MainStoryboard_iPhone.storyboard */; };
		CFF85D78157CADD60017A38B /* MainStoryboard_iPad.storyboard in Resources */ = {isa = PBXBuildFile; fileRef = CFF85D76157CADD60017A38B /* MainStoryboard_iPad.storyboard */; };
		CFF85D7B157CADD60017A38B /* ViewController.m in Sources */ = {isa = PBXBuildFile; fileRef = CFF85D7A157CADD60017A38B /* ViewController.m */; };
/* End PBXBuildFile section */

/* Begin PBXFileReference section */
		CF0347BF15BBB7F6004F96D5 /* ClockViewController.h */ = {isa = PBXFileReference; fileEncoding = 4; lastKnownFileType = sourcecode.c.h; path = ClockViewController.h; sourceTree = "<group>"; };
		CF0347C015BBB7F6004F96D5 /* ClockViewController.m */ = {isa = PBXFileReference; fileEncoding = 4; lastKnownFileType = sourcecode.c.objc; path = ClockViewController.m; sourceTree = "<group>"; };
		CF4ED317157CB3D200FF99A2 /* MobileCoreServices.framework */ = {isa = PBXFileReference; lastKnownFileType = wrapper.framework; name = MobileCoreServices.framework; path = System/Library/Frameworks/MobileCoreServices.framework; sourceTree = SDKROOT; };
		CF4ED31A157CB3E200FF99A2 /* CFNetwork.framework */ = {isa = PBXFileReference; lastKnownFileType = wrapper.framework; name = CFNetwork.framework; path = System/Library/Frameworks/CFNetwork.framework; sourceTree = SDKROOT; };
		CF4ED31C157CB3EE00FF99A2 /* SystemConfiguration.framework */ = {isa = PBXFileReference; lastKnownFileType = wrapper.framework; name = SystemConfiguration.framework; path = System/Library/Frameworks/SystemConfiguration.framework; sourceTree = SDKROOT; };
		CF4ED31E157CB3FE00FF99A2 /* CoreMedia.framework */ = {isa = PBXFileReference; lastKnownFileType = wrapper.framework; name = CoreMedia.framework; path = System/Library/Frameworks/CoreMedia.framework; sourceTree = SDKROOT; };
		CF4ED320157CB40700FF99A2 /* Security.framework */ = {isa = PBXFileReference; lastKnownFileType = wrapper.framework; name = Security.framework; path = System/Library/Frameworks/Security.framework; sourceTree = SDKROOT; };
		CF4ED322157CB41400FF99A2 /* AudioToolbox.framework */ = {isa = PBXFileReference; lastKnownFileType = wrapper.framework; name = AudioToolbox.framework; path = System/Library/Frameworks/AudioToolbox.framework; sourceTree = SDKROOT; };
		CF4ED324157CB41B00FF99A2 /* CoreAudio.framework */ = {isa = PBXFileReference; lastKnownFileType = wrapper.framework; name = CoreAudio.framework; path = System/Library/Frameworks/CoreAudio.framework; sourceTree = SDKROOT; };
		CF4ED326157CB42600FF99A2 /* OpenGLES.framework */ = {isa = PBXFileReference; lastKnownFileType = wrapper.framework; name = OpenGLES.framework; path = System/Library/Frameworks/OpenGLES.framework; sourceTree = SDKROOT; };
		CF4ED328157CB43700FF99A2 /* libz.dylib */ = {isa = PBXFileReference; lastKnownFileType = "compiled.mach-o.dylib"; name = libz.dylib; path = usr/lib/libz.dylib; sourceTree = SDKROOT; };
		CF4ED32A157CB44000FF99A2 /* libstdc++.dylib */ = {isa = PBXFileReference; lastKnownFileType = "compiled.mach-o.dylib"; name = "libstdc++.dylib"; path = "usr/lib/libstdc++.dylib"; sourceTree = SDKROOT; };
		CF4ED32C157CB44E00FF99A2 /* QuartzCore.framework */ = {isa = PBXFileReference; lastKnownFileType = wrapper.framework; name = QuartzCore.framework; path = System/Library/Frameworks/QuartzCore.framework; sourceTree = SDKROOT; };
		CF4ED32E157CB45700FF99A2 /* AVFoundation.framework */ = {isa = PBXFileReference; lastKnownFileType = wrapper.framework; name = AVFoundation.framework; path = System/Library/Frameworks/AVFoundation.framework; sourceTree = SDKROOT; };
		CF694F2216572930000B3363 /* Opentok.framework */ = {isa = PBXFileReference; lastKnownFileType = wrapper.framework; name = Opentok.framework; path = "../3rdParty/opentok-ios-sdk/Opentok.framework"; sourceTree = "<group>"; };
		CF741BF9162352FF0014CD8D /* Default-568h@2x.png */ = {isa = PBXFileReference; lastKnownFileType = image.png; path = "Default-568h@2x.png"; sourceTree = "<group>"; };
		CF741BFB162358830014CD8D /* opentok.bundle */ = {isa = PBXFileReference; lastKnownFileType = "wrapper.plug-in"; path = opentok.bundle; sourceTree = "<group>"; };
		CF8C096E15A849240070A55B /* VideoSession.h */ = {isa = PBXFileReference; fileEncoding = 4; lastKnownFileType = sourcecode.c.h; path = VideoSession.h; sourceTree = "<group>"; };
		CF8C096F15A849240070A55B /* VideoSession.m */ = {isa = PBXFileReference; fileEncoding = 4; lastKnownFileType = sourcecode.c.objc; path = VideoSession.m; sourceTree = "<group>"; };
		CFDB1CF1157CDDF5005C87E4 /* CoreTelephony.framework */ = {isa = PBXFileReference; lastKnownFileType = wrapper.framework; name = CoreTelephony.framework; path = System/Library/Frameworks/CoreTelephony.framework; sourceTree = SDKROOT; };
		CFDB1CF4157CE799005C87E4 /* CoreVideo.framework */ = {isa = PBXFileReference; lastKnownFileType = wrapper.framework; name = CoreVideo.framework; path = System/Library/Frameworks/CoreVideo.framework; sourceTree = SDKROOT; };
		CFF85D5D157CADD60017A38B /* videochat.app */ = {isa = PBXFileReference; explicitFileType = wrapper.application; includeInIndex = 0; path = videochat.app; sourceTree = BUILT_PRODUCTS_DIR; };
		CFF85D61157CADD60017A38B /* UIKit.framework */ = {isa = PBXFileReference; lastKnownFileType = wrapper.framework; name = UIKit.framework; path = System/Library/Frameworks/UIKit.framework; sourceTree = SDKROOT; };
		CFF85D63157CADD60017A38B /* Foundation.framework */ = {isa = PBXFileReference; lastKnownFileType = wrapper.framework; name = Foundation.framework; path = System/Library/Frameworks/Foundation.framework; sourceTree = SDKROOT; };
		CFF85D65157CADD60017A38B /* CoreGraphics.framework */ = {isa = PBXFileReference; lastKnownFileType = wrapper.framework; name = CoreGraphics.framework; path = System/Library/Frameworks/CoreGraphics.framework; sourceTree = SDKROOT; };
		CFF85D69157CADD60017A38B /* videochat-Info.plist */ = {isa = PBXFileReference; lastKnownFileType = text.plist.xml; path = "videochat-Info.plist"; sourceTree = "<group>"; };
		CFF85D6B157CADD60017A38B /* en */ = {isa = PBXFileReference; lastKnownFileType = text.plist.strings; name = en; path = en.lproj/InfoPlist.strings; sourceTree = "<group>"; };
		CFF85D6D157CADD60017A38B /* main.m */ = {isa = PBXFileReference; lastKnownFileType = sourcecode.c.objc; path = main.m; sourceTree = "<group>"; };
		CFF85D6F157CADD60017A38B /* videochat-Prefix.pch */ = {isa = PBXFileReference; lastKnownFileType = sourcecode.c.h; path = "videochat-Prefix.pch"; sourceTree = "<group>"; };
		CFF85D70157CADD60017A38B /* AppDelegate.h */ = {isa = PBXFileReference; lastKnownFileType = sourcecode.c.h; path = AppDelegate.h; sourceTree = "<group>"; };
		CFF85D71157CADD60017A38B /* AppDelegate.m */ = {isa = PBXFileReference; lastKnownFileType = sourcecode.c.objc; path = AppDelegate.m; sourceTree = "<group>"; };
		CFF85D74157CADD60017A38B /* en */ = {isa = PBXFileReference; lastKnownFileType = file.storyboard; name = en; path = en.lproj/MainStoryboard_iPhone.storyboard; sourceTree = "<group>"; };
		CFF85D77157CADD60017A38B /* en */ = {isa = PBXFileReference; lastKnownFileType = file.storyboard; name = en; path = en.lproj/MainStoryboard_iPad.storyboard; sourceTree = "<group>"; };
		CFF85D79157CADD60017A38B /* ViewController.h */ = {isa = PBXFileReference; lastKnownFileType = sourcecode.c.h; path = ViewController.h; sourceTree = "<group>"; };
		CFF85D7A157CADD60017A38B /* ViewController.m */ = {isa = PBXFileReference; lastKnownFileType = sourcecode.c.objc; path = ViewController.m; sourceTree = "<group>"; };
/* End PBXFileReference section */

/* Begin PBXFrameworksBuildPhase section */
		CFF85D5A157CADD60017A38B /* Frameworks */ = {
			isa = PBXFrameworksBuildPhase;
			buildActionMask = 2147483647;
			files = (
				CF694F2316572930000B3363 /* Opentok.framework in Frameworks */,
				CFDB1CF5157CE799005C87E4 /* CoreVideo.framework in Frameworks */,
				CFDB1CF2157CDDF5005C87E4 /* CoreTelephony.framework in Frameworks */,
				CF4ED32F157CB45700FF99A2 /* AVFoundation.framework in Frameworks */,
				CF4ED32D157CB44E00FF99A2 /* QuartzCore.framework in Frameworks */,
				CF4ED32B157CB44000FF99A2 /* libstdc++.dylib in Frameworks */,
				CF4ED329157CB43700FF99A2 /* libz.dylib in Frameworks */,
				CF4ED327157CB42600FF99A2 /* OpenGLES.framework in Frameworks */,
				CF4ED325157CB41B00FF99A2 /* CoreAudio.framework in Frameworks */,
				CF4ED323157CB41400FF99A2 /* AudioToolbox.framework in Frameworks */,
				CF4ED321157CB40700FF99A2 /* Security.framework in Frameworks */,
				CF4ED31F157CB3FE00FF99A2 /* CoreMedia.framework in Frameworks */,
				CF4ED31D157CB3EE00FF99A2 /* SystemConfiguration.framework in Frameworks */,
				CF4ED31B157CB3E200FF99A2 /* CFNetwork.framework in Frameworks */,
				CF4ED318157CB3D200FF99A2 /* MobileCoreServices.framework in Frameworks */,
				CFF85D62157CADD60017A38B /* UIKit.framework in Frameworks */,
				CFF85D64157CADD60017A38B /* Foundation.framework in Frameworks */,
				CFF85D66157CADD60017A38B /* CoreGraphics.framework in Frameworks */,
			);
			runOnlyForDeploymentPostprocessing = 0;
		};
/* End PBXFrameworksBuildPhase section */

/* Begin PBXGroup section */
		CFF85D52157CADD60017A38B = {
			isa = PBXGroup;
			children = (
				CF694F2216572930000B3363 /* Opentok.framework */,
				CF741BF9162352FF0014CD8D /* Default-568h@2x.png */,
				CFF85D67157CADD60017A38B /* videochat */,
				CFF85D60157CADD60017A38B /* Frameworks */,
				CFF85D5E157CADD60017A38B /* Products */,
			);
			sourceTree = "<group>";
		};
		CFF85D5E157CADD60017A38B /* Products */ = {
			isa = PBXGroup;
			children = (
				CFF85D5D157CADD60017A38B /* videochat.app */,
			);
			name = Products;
			sourceTree = "<group>";
		};
		CFF85D60157CADD60017A38B /* Frameworks */ = {
			isa = PBXGroup;
			children = (
				CF741BFB162358830014CD8D /* opentok.bundle */,
				CFDB1CF4157CE799005C87E4 /* CoreVideo.framework */,
				CFDB1CF1157CDDF5005C87E4 /* CoreTelephony.framework */,
				CF4ED32E157CB45700FF99A2 /* AVFoundation.framework */,
				CF4ED32C157CB44E00FF99A2 /* QuartzCore.framework */,
				CF4ED32A157CB44000FF99A2 /* libstdc++.dylib */,
				CF4ED328157CB43700FF99A2 /* libz.dylib */,
				CF4ED326157CB42600FF99A2 /* OpenGLES.framework */,
				CF4ED324157CB41B00FF99A2 /* CoreAudio.framework */,
				CF4ED322157CB41400FF99A2 /* AudioToolbox.framework */,
				CF4ED320157CB40700FF99A2 /* Security.framework */,
				CF4ED31E157CB3FE00FF99A2 /* CoreMedia.framework */,
				CF4ED31C157CB3EE00FF99A2 /* SystemConfiguration.framework */,
				CF4ED31A157CB3E200FF99A2 /* CFNetwork.framework */,
				CF4ED317157CB3D200FF99A2 /* MobileCoreServices.framework */,
				CFF85D61157CADD60017A38B /* UIKit.framework */,
				CFF85D63157CADD60017A38B /* Foundation.framework */,
				CFF85D65157CADD60017A38B /* CoreGraphics.framework */,
			);
			name = Frameworks;
			sourceTree = "<group>";
		};
		CFF85D67157CADD60017A38B /* videochat */ = {
			isa = PBXGroup;
			children = (
				CFF85D70157CADD60017A38B /* AppDelegate.h */,
				CFF85D71157CADD60017A38B /* AppDelegate.m */,
				CFF85D73157CADD60017A38B /* MainStoryboard_iPhone.storyboard */,
				CFF85D76157CADD60017A38B /* MainStoryboard_iPad.storyboard */,
				CFF85D79157CADD60017A38B /* ViewController.h */,
				CFF85D7A157CADD60017A38B /* ViewController.m */,
				CFF85D68157CADD60017A38B /* Supporting Files */,
				CF8C096E15A849240070A55B /* VideoSession.h */,
				CF8C096F15A849240070A55B /* VideoSession.m */,
				CF0347BF15BBB7F6004F96D5 /* ClockViewController.h */,
				CF0347C015BBB7F6004F96D5 /* ClockViewController.m */,
			);
			path = videochat;
			sourceTree = "<group>";
		};
		CFF85D68157CADD60017A38B /* Supporting Files */ = {
			isa = PBXGroup;
			children = (
				CFF85D69157CADD60017A38B /* videochat-Info.plist */,
				CFF85D6A157CADD60017A38B /* InfoPlist.strings */,
				CFF85D6D157CADD60017A38B /* main.m */,
				CFF85D6F157CADD60017A38B /* videochat-Prefix.pch */,
			);
			name = "Supporting Files";
			sourceTree = "<group>";
		};
/* End PBXGroup section */

/* Begin PBXNativeTarget section */
		CFF85D5C157CADD60017A38B /* videochat */ = {
			isa = PBXNativeTarget;
			buildConfigurationList = CFF85D7E157CADD60017A38B /* Build configuration list for PBXNativeTarget "videochat" */;
			buildPhases = (
				CFF85D59157CADD60017A38B /* Sources */,
				CFF85D5A157CADD60017A38B /* Frameworks */,
				CFF85D5B157CADD60017A38B /* Resources */,
			);
			buildRules = (
			);
			dependencies = (
			);
			name = videochat;
			productName = videochat;
			productReference = CFF85D5D157CADD60017A38B /* videochat.app */;
			productType = "com.apple.product-type.application";
		};
/* End PBXNativeTarget section */

/* Begin PBXProject section */
		CFF85D54157CADD60017A38B /* Project object */ = {
			isa = PBXProject;
			attributes = {
				LastUpgradeCheck = 0450;
				ORGANIZATIONNAME = "wenkat.s@gmail.com";
			};
			buildConfigurationList = CFF85D57157CADD60017A38B /* Build configuration list for PBXProject "videochat" */;
			compatibilityVersion = "Xcode 3.2";
			developmentRegion = English;
			hasScannedForEncodings = 0;
			knownRegions = (
				en,
			);
			mainGroup = CFF85D52157CADD60017A38B;
			productRefGroup = CFF85D5E157CADD60017A38B /* Products */;
			projectDirPath = "";
			projectRoot = "";
			targets = (
				CFF85D5C157CADD60017A38B /* videochat */,
			);
		};
/* End PBXProject section */

/* Begin PBXResourcesBuildPhase section */
		CFF85D5B157CADD60017A38B /* Resources */ = {
			isa = PBXResourcesBuildPhase;
			buildActionMask = 2147483647;
			files = (
				CFF85D6C157CADD60017A38B /* InfoPlist.strings in Resources */,
				CFF85D75157CADD60017A38B /* MainStoryboard_iPhone.storyboard in Resources */,
				CFF85D78157CADD60017A38B /* MainStoryboard_iPad.storyboard in Resources */,
				CF741BFA162352FF0014CD8D /* Default-568h@2x.png in Resources */,
				CF741BFC162358830014CD8D /* opentok.bundle in Resources */,
			);
			runOnlyForDeploymentPostprocessing = 0;
		};
/* End PBXResourcesBuildPhase section */

/* Begin PBXSourcesBuildPhase section */
		CFF85D59157CADD60017A38B /* Sources */ = {
			isa = PBXSourcesBuildPhase;
			buildActionMask = 2147483647;
			files = (
				CFF85D6E157CADD60017A38B /* main.m in Sources */,
				CFF85D72157CADD60017A38B /* AppDelegate.m in Sources */,
				CFF85D7B157CADD60017A38B /* ViewController.m in Sources */,
				CF8C097015A849240070A55B /* VideoSession.m in Sources */,
				CF0347C115BBB7F6004F96D5 /* ClockViewController.m in Sources */,
			);
			runOnlyForDeploymentPostprocessing = 0;
		};
/* End PBXSourcesBuildPhase section */

/* Begin PBXVariantGroup section */
		CFF85D6A157CADD60017A38B /* InfoPlist.strings */ = {
			isa = PBXVariantGroup;
			children = (
				CFF85D6B157CADD60017A38B /* en */,
			);
			name = InfoPlist.strings;
			sourceTree = "<group>";
		};
		CFF85D73157CADD60017A38B /* MainStoryboard_iPhone.storyboard */ = {
			isa = PBXVariantGroup;
			children = (
				CFF85D74157CADD60017A38B /* en */,
			);
			name = MainStoryboard_iPhone.storyboard;
			sourceTree = "<group>";
		};
		CFF85D76157CADD60017A38B /* MainStoryboard_iPad.storyboard */ = {
			isa = PBXVariantGroup;
			children = (
				CFF85D77157CADD60017A38B /* en */,
			);
			name = MainStoryboard_iPad.storyboard;
			sourceTree = "<group>";
		};
/* End PBXVariantGroup section */

/* Begin XCBuildConfiguration section */
		CFF85D7C157CADD60017A38B /* Debug */ = {
			isa = XCBuildConfiguration;
			buildSettings = {
				ALWAYS_SEARCH_USER_PATHS = NO;
				ARCHS = "$(ARCHS_STANDARD_32_BIT)";
				CLANG_ENABLE_OBJC_ARC = YES;
				CODE_SIGN_IDENTITY = "iPhone Developer";
				"CODE_SIGN_IDENTITY[sdk=iphoneos*]" = "iPhone Developer";
				COPY_PHASE_STRIP = NO;
				GCC_C_LANGUAGE_STANDARD = gnu99;
				GCC_DYNAMIC_NO_PIC = NO;
				GCC_OPTIMIZATION_LEVEL = 0;
				GCC_PREPROCESSOR_DEFINITIONS = (
					"DEBUG=1",
					"$(inherited)",
				);
				GCC_SYMBOLS_PRIVATE_EXTERN = NO;
				GCC_THUMB_SUPPORT = NO;
				GCC_VERSION = com.apple.compilers.llvm.clang.1_0;
				GCC_WARN_ABOUT_RETURN_TYPE = YES;
				GCC_WARN_UNINITIALIZED_AUTOS = YES;
				GCC_WARN_UNUSED_VARIABLE = YES;
				IPHONEOS_DEPLOYMENT_TARGET = 6.0;
				ONLY_ACTIVE_ARCH = YES;
				PROVISIONING_PROFILE = "";
				SDKROOT = iphoneos;
				TARGETED_DEVICE_FAMILY = "1,2";
				VALID_ARCHS = armv6;
			};
			name = Debug;
		};
		CFF85D7D157CADD60017A38B /* Release */ = {
			isa = XCBuildConfiguration;
			buildSettings = {
				ALWAYS_SEARCH_USER_PATHS = NO;
				ARCHS = "$(ARCHS_STANDARD_32_BIT)";
				CLANG_ENABLE_OBJC_ARC = YES;
				CODE_SIGN_IDENTITY = "iPhone Developer";
				"CODE_SIGN_IDENTITY[sdk=iphoneos*]" = "iPhone Developer";
				COPY_PHASE_STRIP = YES;
				GCC_C_LANGUAGE_STANDARD = gnu99;
				GCC_THUMB_SUPPORT = NO;
				GCC_VERSION = com.apple.compilers.llvm.clang.1_0;
				GCC_WARN_ABOUT_RETURN_TYPE = YES;
				GCC_WARN_UNINITIALIZED_AUTOS = YES;
				GCC_WARN_UNUSED_VARIABLE = YES;
				IPHONEOS_DEPLOYMENT_TARGET = 6.0;
				ONLY_ACTIVE_ARCH = YES;
				OTHER_CFLAGS = "-DNS_BLOCK_ASSERTIONS=1";
				PROVISIONING_PROFILE = "";
				SDKROOT = iphoneos;
				TARGETED_DEVICE_FAMILY = "1,2";
				VALIDATE_PRODUCT = YES;
				VALID_ARCHS = armv6;
			};
			name = Release;
		};
		CFF85D7F157CADD60017A38B /* Debug */ = {
			isa = XCBuildConfiguration;
			buildSettings = {
				ARCHS = "$(ARCHS_STANDARD_32_BIT)";
				CODE_SIGN_IDENTITY = "iPhone Developer";
				FRAMEWORK_SEARCH_PATHS = (
					"$(inherited)",
					"\"$(SRCROOT)/../opentok-ios-sdk\"",
					"\"$(SRCROOT)/../3rdParty/opentok-ios-sdk\"",
				);
				GCC_PRECOMPILE_PREFIX_HEADER = YES;
				GCC_PREFIX_HEADER = "videochat/videochat-Prefix.pch";
				GCC_THUMB_SUPPORT = NO;
				INFOPLIST_FILE = "videochat/videochat-Info.plist";
				IPHONEOS_DEPLOYMENT_TARGET = 5.1;
				ONLY_ACTIVE_ARCH = YES;
				PRODUCT_NAME = "$(TARGET_NAME)";
				PROVISIONING_PROFILE = "";
				SDKROOT = iphoneos;
				VALID_ARCHS = armv7;
				WRAPPER_EXTENSION = app;
			};
			name = Debug;
		};
		CFF85D80157CADD60017A38B /* Release */ = {
			isa = XCBuildConfiguration;
			buildSettings = {
				ARCHS = "$(ARCHS_STANDARD_32_BIT)";
				CODE_SIGN_IDENTITY = "iPhone Developer";
				FRAMEWORK_SEARCH_PATHS = (
					"$(inherited)",
					"\"$(SRCROOT)/../opentok-ios-sdk\"",
					"\"$(SRCROOT)/../3rdParty/opentok-ios-sdk\"",
				);
				GCC_PRECOMPILE_PREFIX_HEADER = YES;
				GCC_PREFIX_HEADER = "videochat/videochat-Prefix.pch";
				GCC_THUMB_SUPPORT = NO;
				INFOPLIST_FILE = "videochat/videochat-Info.plist";
				IPHONEOS_DEPLOYMENT_TARGET = 5.1;
				ONLY_ACTIVE_ARCH = YES;
				PRODUCT_NAME = "$(TARGET_NAME)";
				PROVISIONING_PROFILE = "";
				SDKROOT = iphoneos;
				VALID_ARCHS = armv7;
				WRAPPER_EXTENSION = app;
			};
			name = Release;
		};
/* End XCBuildConfiguration section */

/* Begin XCConfigurationList section */
		CFF85D57157CADD60017A38B /* Build configuration list for PBXProject "videochat" */ = {
			isa = XCConfigurationList;
			buildConfigurations = (
				CFF85D7C157CADD60017A38B /* Debug */,
				CFF85D7D157CADD60017A38B /* Release */,
			);
			defaultConfigurationIsVisible = 0;
			defaultConfigurationName = Release;
		};
		CFF85D7E157CADD60017A38B /* Build configuration list for PBXNativeTarget "videochat" */ = {
			isa = XCConfigurationList;
			buildConfigurations = (
				CFF85D7F157CADD60017A38B /* Debug */,
				CFF85D80157CADD60017A38B /* Release */,
			);
			defaultConfigurationIsVisible = 0;
			defaultConfigurationName = Release;
		};
/* End XCConfigurationList section */
	};
	rootObject = CFF85D54157CADD60017A38B /* Project object */;
}
